
Microsoft Visual Studio Solution File, Format Version 12.00
# Visual Studio Version 16
VisualStudioVersion = 16.0.30104.148
MinimumVisualStudioVersion = 10.0.40219.1
Project("{FAE04EC0-301F-11D3-BF4B-00C04F79EFBC}") = "DecoratorTasarımKalıbı", "DecoratorTasarımKalıbı\DecoratorTasarımKalıbı.csproj", "{0C5BFCD0-836E-4C3D-B279-798549EAC79E}"
EndProject
Global
	GlobalSection(SolutionConfigurationPlatforms) = preSolution
		Debug|Any CPU = Debug|Any CPU
		Release|Any CPU = Release|Any CPU
	EndGlobalSection
	GlobalSection(ProjectConfigurationPlatforms) = postSolution
		{0C5BFCD0-836E-4C3D-B279-798549EAC79E}.Debug|Any CPU.ActiveCfg = Debug|Any CPU
		{0C5BFCD0-836E-4C3D-B279-798549EAC79E}.Debug|Any CPU.Build.0 = Debug|Any CPU
		{0C5BFCD0-836E-4C3D-B279-798549EAC79E}.Release|Any CPU.ActiveCfg = Release|Any CPU
		{0C5BFCD0-836E-4C3D-B279-798549EAC79E}.Release|Any CPU.Build.0 = Release|Any CPU
	EndGlobalSection
	GlobalSection(SolutionProperties) = preSolution
		HideSolutionNode = FALSE
	EndGlobalSection
	GlobalSection(ExtensibilityGlobals) = postSolution
		SolutionGuid = {C091806B-E3D0-4E65-AFF5-384ED689358F}
	EndGlobalSection
EndGlobal
